<?xml version="1.0" encoding="utf-8"?>
<Project ToolsVersion="4.0" xmlns="http://schemas.microsoft.com/developer/msbuild/2003">
  <ItemGroup>
    <Filter Include="Resource Files">
      <UniqueIdentifier>{67DA6AB6-F800-4c08-8B7A-83BB121AAD01}</UniqueIdentifier>
      <Extensions>rc;ico;cur;bmp;dlg;rc2;rct;bin;rgs;gif;jpg;jpeg;jpe;resx;tiff;tif;png;wav;mfcribbon-ms</Extensions>
    </Filter>
  </ItemGroup>
  <ItemGroup>
    <ClCompile Include="Source\RHI\D3D11\D3DDevice.cpp" />
    <ClCompile Include="stdafx.cpp" />
    <ClCompile Include="App\Main_Win.cpp" />
    <ClCompile Include="Source\Scene\Scene.cpp" />
    <ClCompile Include="Source\Utils\GameTimer.cpp" />
    <ClCompile Include="Source\D3D11\Vertex.cpp" />
    <ClCompile Include="Source\D3D11\Effect.cpp" />
    <ClCompile Include="Source\Utils\D3DUtil.cpp" />
    <ClCompile Include="Source\D3D11\LightHelper.cpp" />
    <ClCompile Include="Source\D3D11\RenderStates.cpp" />
    <ClCompile Include="Source\Core\Object\Component\Transform.cpp" />
    <ClCompile Include="Source\Core\Object\Component\Camera.cpp" />
    <ClCompile Include="Source\Core\Object\Component\Renderer.cpp" />
    <ClCompile Include="Source\Core\Object\Component\MeshRenderer.cpp" />
    <ClCompile Include="Source\Core\Object\Component\Light.cpp" />
    <ClCompile Include="Source\Core\Object\Component\Interface\BaseComponent.cpp" />
    <ClCompile Include="Source\Core\Object\GameObject\GameObject.cpp" />
    <ClCompile Include="Source\Core\Object\Component\Mesh.cpp" />
    <ClCompile Include="Source\Utils\MathHelper.cpp" />
    <ClCompile Include="Source\D3D11\TextureMgr.cpp" />
    <ClCompile Include="Source\Core\Object\Object.cpp" />
    <ClCompile Include="Source\Core\Object\Material.cpp" />
    <ClCompile Include="Source\Core\Object\Texture.cpp" />
  </ItemGroup>
  <ItemGroup>
    <ClInclude Include="Source\RHI\D3D11\D3DDevice.h" />
    <ClInclude Include="stdafx.h" />
    <ClInclude Include="Source\Scene\Scene.h" />
    <ClInclude Include="Source\Utils\GameTimer.h" />
    <ClInclude Include="Source\D3D11\Vertex.h" />
    <ClInclude Include="Source\D3D11\Effect.h" />
    <ClInclude Include="Source\Utils\D3DUtil.h" />
    <ClInclude Include="Source\D3D11\LightHelper.h" />
    <ClInclude Include="Source\D3D11\RenderStates.h" />
    <ClInclude Include="Source\Core\Object\Component\Transform.h" />
    <ClInclude Include="Source\Core\Object\Component\Camera.h" />
    <ClInclude Include="Source\Core\GenericPlatform\GenericPlatform.h" />
    <ClInclude Include="Source\Core\Object\Component\Renderer.h" />
    <ClInclude Include="Source\Core\Object\Component\MeshRenderer.h" />
    <ClInclude Include="Source\Core\Object\Component\Light.h" />
    <ClInclude Include="Source\Core\Object\Component\Interface\BaseComponent.h" />
    <ClInclude Include="Source\Core\Object\Component\Interface\CommonComponent.h" />
    <ClInclude Include="Source\Core\Object\GameObject\GameObject.h" />
    <ClInclude Include="Source\Core\Object\Component\Mesh.h" />
    <ClInclude Include="Source\Utils\MathHelper.h" />
    <ClInclude Include="Source\D3D11\TextureMgr.h" />
    <ClInclude Include="Source\Core\Object\Object.h" />
    <ClInclude Include="Source\Core\Object\Material.h" />
    <ClInclude Include="Source\Core\Object\Texture.h" />
  </ItemGroup>
  <ItemGroup>
    <CustomBuild Include="Source\Shader\Basic.fx" />
    <CustomBuild Include="Source\Shader\Color.fx" />
  </ItemGroup>
  <ItemGroup>
    <None Include="Source\Shader\LightHelper.fx" />
  </ItemGroup>
  <ItemGroup>
    <Image Include="Resources\flare.dds" />
    <Image Include="Resources\flarealpha.dds" />
    <Image Include="Resources\mipmaps.dds" />
  </ItemGroup>
</Project>